// !$*UTF8*$!
{
	archiveVersion = 1;
	classes = {
	};
	objectVersion = 77;
	objects = {

/* Begin PBXBuildFile section */
		5B0E1F282CF349E800DF85DD /* ZIPFoundation in Frameworks */ = {isa = PBXBuildFile; productRef = 5B0E1F272CF349E800DF85DD /* ZIPFoundation */; };
/* End PBXBuildFile section */

/* Begin PBXContainerItemProxy section */
		5B32FFB12CDDF16000D33F11 /* PBXContainerItemProxy */ = {
			isa = PBXContainerItemProxy;
			containerPortal = 5B32FF952CDDF15E00D33F11 /* Project object */;
			proxyType = 1;
			remoteGlobalIDString = 5B32FF9C2CDDF15E00D33F11;
			remoteInfo = NaturalFlow;
		};
		5B32FFBB2CDDF16000D33F11 /* PBXContainerItemProxy */ = {
			isa = PBXContainerItemProxy;
			containerPortal = 5B32FF952CDDF15E00D33F11 /* Project object */;
			proxyType = 1;
			remoteGlobalIDString = 5B32FF9C2CDDF15E00D33F11;
			remoteInfo = NaturalFlow;
		};
/* End PBXContainerItemProxy section */

/* Begin PBXFileReference section */
		5B32FF9D2CDDF15E00D33F11 /* NaturalFlow.app */ = {isa = PBXFileReference; explicitFileType = wrapper.application; includeInIndex = 0; path = NaturalFlow.app; sourceTree = BUILT_PRODUCTS_DIR; };
		5B32FFB02CDDF16000D33F11 /* NaturalFlowTests.xctest */ = {isa = PBXFileReference; explicitFileType = wrapper.cfbundle; includeInIndex = 0; path = NaturalFlowTests.xctest; sourceTree = BUILT_PRODUCTS_DIR; };
		5B32FFBA2CDDF16000D33F11 /* NaturalFlowUITests.xctest */ = {isa = PBXFileReference; explicitFileType = wrapper.cfbundle; includeInIndex = 0; path = NaturalFlowUITests.xctest; sourceTree = BUILT_PRODUCTS_DIR; };
/* End PBXFileReference section */

/* Begin PBXFileSystemSynchronizedRootGroup section */
		5B32FF9F2CDDF15E00D33F11 /* NaturalFlow */ = {
			isa = PBXFileSystemSynchronizedRootGroup;
			path = NaturalFlow;
			sourceTree = "<group>";
		};
		5B32FFB32CDDF16000D33F11 /* NaturalFlowTests */ = {
			isa = PBXFileSystemSynchronizedRootGroup;
			path = NaturalFlowTests;
			sourceTree = "<group>";
		};
		5B32FFBD2CDDF16000D33F11 /* NaturalFlowUITests */ = {
			isa = PBXFileSystemSynchronizedRootGroup;
			path = NaturalFlowUITests;
			sourceTree = "<group>";
		};
/* End PBXFileSystemSynchronizedRootGroup section */

/* Begin PBXFrameworksBuildPhase section */
		5B32FF9A2CDDF15E00D33F11 /* Frameworks */ = {
			isa = PBXFrameworksBuildPhase;
			buildActionMask = 2147483647;
			files = (
				5B0E1F282CF349E800DF85DD /* ZIPFoundation in Frameworks */,
			);
			runOnlyForDeploymentPostprocessing = 0;
		};
		5B32FFAD2CDDF16000D33F11 /* Frameworks */ = {
			isa = PBXFrameworksBuildPhase;
			buildActionMask = 2147483647;
			files = (
			);
			runOnlyForDeploymentPostprocessing = 0;
		};
		5B32FFB72CDDF16000D33F11 /* Frameworks */ = {
			isa = PBXFrameworksBuildPhase;
			buildActionMask = 2147483647;
			files = (
			);
			runOnlyForDeploymentPostprocessing = 0;
		};
/* End PBXFrameworksBuildPhase section */

/* Begin PBXGroup section */
		5B32FF942CDDF15E00D33F11 = {
			isa = PBXGroup;
			children = (
				5B32FF9F2CDDF15E00D33F11 /* NaturalFlow */,
				5B32FFB32CDDF16000D33F11 /* NaturalFlowTests */,
				5B32FFBD2CDDF16000D33F11 /* NaturalFlowUITests */,
				5B32FF9E2CDDF15E00D33F11 /* Products */,
			);
			sourceTree = "<group>";
		};
		5B32FF9E2CDDF15E00D33F11 /* Products */ = {
			isa = PBXGroup;
			children = (
				5B32FF9D2CDDF15E00D33F11 /* NaturalFlow.app */,
				5B32FFB02CDDF16000D33F11 /* NaturalFlowTests.xctest */,
				5B32FFBA2CDDF16000D33F11 /* NaturalFlowUITests.xctest */,
			);
			name = Products;
			sourceTree = "<group>";
		};
/* End PBXGroup section */

/* Begin PBXNativeTarget section */
		5B32FF9C2CDDF15E00D33F11 /* NaturalFlow */ = {
			isa = PBXNativeTarget;
			buildConfigurationList = 5B32FFC42CDDF16000D33F11 /* Build configuration list for PBXNativeTarget "NaturalFlow" */;
			buildPhases = (
				5B32FF992CDDF15E00D33F11 /* Sources */,
				5B32FF9A2CDDF15E00D33F11 /* Frameworks */,
				5B32FF9B2CDDF15E00D33F11 /* Resources */,
			);
			buildRules = (
			);
			dependencies = (
			);
			fileSystemSynchronizedGroups = (
				5B32FF9F2CDDF15E00D33F11 /* NaturalFlow */,
			);
			name = NaturalFlow;
			packageProductDependencies = (
				5B0E1F272CF349E800DF85DD /* ZIPFoundation */,
			);
			productName = NaturalFlow;
			productReference = 5B32FF9D2CDDF15E00D33F11 /* NaturalFlow.app */;
			productType = "com.apple.product-type.application";
		};
		5B32FFAF2CDDF16000D33F11 /* NaturalFlowTests */ = {
			isa = PBXNativeTarget;
			buildConfigurationList = 5B32FFC72CDDF16000D33F11 /* Build configuration list for PBXNativeTarget "NaturalFlowTests" */;
			buildPhases = (
				5B32FFAC2CDDF16000D33F11 /* Sources */,
				5B32FFAD2CDDF16000D33F11 /* Frameworks */,
				5B32FFAE2CDDF16000D33F11 /* Resources */,
			);
			buildRules = (
			);
			dependencies = (
				5B32FFB22CDDF16000D33F11 /* PBXTargetDependency */,
			);
			fileSystemSynchronizedGroups = (
				5B32FFB32CDDF16000D33F11 /* NaturalFlowTests */,
			);
			name = NaturalFlowTests;
			packageProductDependencies = (
			);
			productName = NaturalFlowTests;
			productReference = 5B32FFB02CDDF16000D33F11 /* NaturalFlowTests.xctest */;
			productType = "com.apple.product-type.bundle.unit-test";
		};
		5B32FFB92CDDF16000D33F11 /* NaturalFlowUITests */ = {
			isa = PBXNativeTarget;
			buildConfigurationList = 5B32FFCA2CDDF16000D33F11 /* Build configuration list for PBXNativeTarget "NaturalFlowUITests" */;
			buildPhases = (
				5B32FFB62CDDF16000D33F11 /* Sources */,
				5B32FFB72CDDF16000D33F11 /* Frameworks */,
				5B32FFB82CDDF16000D33F11 /* Resources */,
			);
			buildRules = (
			);
			dependencies = (
				5B32FFBC2CDDF16000D33F11 /* PBXTargetDependency */,
			);
			fileSystemSynchronizedGroups = (
				5B32FFBD2CDDF16000D33F11 /* NaturalFlowUITests */,
			);
			name = NaturalFlowUITests;
			packageProductDependencies = (
			);
			productName = NaturalFlowUITests;
			productReference = 5B32FFBA2CDDF16000D33F11 /* NaturalFlowUITests.xctest */;
			productType = "com.apple.product-type.bundle.ui-testing";
		};
/* End PBXNativeTarget section */

/* Begin PBXProject section */
		5B32FF952CDDF15E00D33F11 /* Project object */ = {
			isa = PBXProject;
			attributes = {
				BuildIndependentTargetsInParallel = 1;
				LastSwiftUpdateCheck = 1610;
				LastUpgradeCheck = 1610;
				TargetAttributes = {
					5B32FF9C2CDDF15E00D33F11 = {
						CreatedOnToolsVersion = 16.1;
					};
					5B32FFAF2CDDF16000D33F11 = {
						CreatedOnToolsVersion = 16.1;
						TestTargetID = 5B32FF9C2CDDF15E00D33F11;
					};
					5B32FFB92CDDF16000D33F11 = {
						CreatedOnToolsVersion = 16.1;
						TestTargetID = 5B32FF9C2CDDF15E00D33F11;
					};
				};
			};
			buildConfigurationList = 5B32FF982CDDF15E00D33F11 /* Build configuration list for PBXProject "NaturalFlow" */;
			developmentRegion = en;
			hasScannedForEncodings = 0;
			knownRegions = (
				en,
				Base,
			);
			mainGroup = 5B32FF942CDDF15E00D33F11;
			minimizedProjectReferenceProxies = 1;
			packageReferences = (
				5B0E1F262CF349E800DF85DD /* XCRemoteSwiftPackageReference "ZIPFoundation" */,
			);
			preferredProjectObjectVersion = 77;
			productRefGroup = 5B32FF9E2CDDF15E00D33F11 /* Products */;
			projectDirPath = "";
			projectRoot = "";
			targets = (
				5B32FF9C2CDDF15E00D33F11 /* NaturalFlow */,
				5B32FFAF2CDDF16000D33F11 /* NaturalFlowTests */,
				5B32FFB92CDDF16000D33F11 /* NaturalFlowUITests */,
			);
		};
/* End PBXProject section */

/* Begin PBXResourcesBuildPhase section */
		5B32FF9B2CDDF15E00D33F11 /* Resources */ = {
			isa = PBXResourcesBuildPhase;
			buildActionMask = 2147483647;
			files = (
			);
			runOnlyForDeploymentPostprocessing = 0;
		};
		5B32FFAE2CDDF16000D33F11 /* Resources */ = {
			isa = PBXResourcesBuildPhase;
			buildActionMask = 2147483647;
			files = (
			);
			runOnlyForDeploymentPostprocessing = 0;
		};
		5B32FFB82CDDF16000D33F11 /* Resources */ = {
			isa = PBXResourcesBuildPhase;
			buildActionMask = 2147483647;
			files = (
			);
			runOnlyForDeploymentPostprocessing = 0;
		};
/* End PBXResourcesBuildPhase section */

/* Begin PBXSourcesBuildPhase section */
		5B32FF992CDDF15E00D33F11 /* Sources */ = {
			isa = PBXSourcesBuildPhase;
			buildActionMask = 2147483647;
			files = (
			);
			runOnlyForDeploymentPostprocessing = 0;
		};
		5B32FFAC2CDDF16000D33F11 /* Sources */ = {
			isa = PBXSourcesBuildPhase;
			buildActionMask = 2147483647;
			files = (
			);
			runOnlyForDeploymentPostprocessing = 0;
		};
		5B32FFB62CDDF16000D33F11 /* Sources */ = {
			isa = PBXSourcesBuildPhase;
			buildActionMask = 2147483647;
			files = (
			);
			runOnlyForDeploymentPostprocessing = 0;
		};
/* End PBXSourcesBuildPhase section */

/* Begin PBXTargetDependency section */
		5B32FFB22CDDF16000D33F11 /* PBXTargetDependency */ = {
			isa = PBXTargetDependency;
			target = 5B32FF9C2CDDF15E00D33F11 /* NaturalFlow */;
			targetProxy = 5B32FFB12CDDF16000D33F11 /* PBXContainerItemProxy */;
		};
		5B32FFBC2CDDF16000D33F11 /* PBXTargetDependency */ = {
			isa = PBXTargetDependency;
			target = 5B32FF9C2CDDF15E00D33F11 /* NaturalFlow */;
			targetProxy = 5B32FFBB2CDDF16000D33F11 /* PBXContainerItemProxy */;
		};
/* End PBXTargetDependency section */

/* Begin XCBuildConfiguration section */
		5B32FFC22CDDF16000D33F11 /* Debug */ = {
			isa = XCBuildConfiguration;
			buildSettings = {
				ALWAYS_SEARCH_USER_PATHS = NO;
				ASSETCATALOG_COMPILER_GENERATE_SWIFT_ASSET_SYMBOL_EXTENSIONS = YES;
				CLANG_ANALYZER_NONNULL = YES;
				CLANG_ANALYZER_NUMBER_OBJECT_CONVERSION = YES_AGGRESSIVE;
				CLANG_CXX_LANGUAGE_STANDARD = "gnu++20";
				CLANG_ENABLE_MODULES = YES;
				CLANG_ENABLE_OBJC_ARC = YES;
				CLANG_ENABLE_OBJC_WEAK = YES;
				CLANG_WARN_BLOCK_CAPTURE_AUTORELEASING = YES;
				CLANG_WARN_BOOL_CONVERSION = YES;
				CLANG_WARN_COMMA = YES;
				CLANG_WARN_CONSTANT_CONVERSION = YES;
				CLANG_WARN_DEPRECATED_OBJC_IMPLEMENTATIONS = YES;
				CLANG_WARN_DIRECT_OBJC_ISA_USAGE = YES_ERROR;
				CLANG_WARN_DOCUMENTATION_COMMENTS = YES;
				CLANG_WARN_EMPTY_BODY = YES;
				CLANG_WARN_ENUM_CONVERSION = YES;
				CLANG_WARN_INFINITE_RECURSION = YES;
				CLANG_WARN_INT_CONVERSION = YES;
				CLANG_WARN_NON_LITERAL_NULL_CONVERSION = YES;
				CLANG_WARN_OBJC_IMPLICIT_RETAIN_SELF = YES;
				CLANG_WARN_OBJC_LITERAL_CONVERSION = YES;
				CLANG_WARN_OBJC_ROOT_CLASS = YES_ERROR;
				CLANG_WARN_QUOTED_INCLUDE_IN_FRAMEWORK_HEADER = YES;
				CLANG_WARN_RANGE_LOOP_ANALYSIS = YES;
				CLANG_WARN_STRICT_PROTOTYPES = YES;
				CLANG_WARN_SUSPICIOUS_MOVE = YES;
				CLANG_WARN_UNGUARDED_AVAILABILITY = YES_AGGRESSIVE;
				CLANG_WARN_UNREACHABLE_CODE = YES;
				CLANG_WARN__DUPLICATE_METHOD_MATCH = YES;
				COPY_PHASE_STRIP = NO;
				DEBUG_INFORMATION_FORMAT = dwarf;
				ENABLE_STRICT_OBJC_MSGSEND = YES;
				ENABLE_TESTABILITY = YES;
				ENABLE_USER_SCRIPT_SANDBOXING = YES;
				GCC_C_LANGUAGE_STANDARD = gnu17;
				GCC_DYNAMIC_NO_PIC = NO;
				GCC_NO_COMMON_BLOCKS = YES;
				GCC_OPTIMIZATION_LEVEL = 0;
				GCC_PREPROCESSOR_DEFINITIONS = (
					"DEBUG=1",
					"$(inherited)",
				);
				GCC_WARN_64_TO_32_BIT_CONVERSION = YES;
				GCC_WARN_ABOUT_RETURN_TYPE = YES_ERROR;
				GCC_WARN_UNDECLARED_SELECTOR = YES;
				GCC_WARN_UNINITIALIZED_AUTOS = YES_AGGRESSIVE;
				GCC_WARN_UNUSED_FUNCTION = YES;
				GCC_WARN_UNUSED_VARIABLE = YES;
				LOCALIZATION_PREFERS_STRING_CATALOGS = YES;
				MACOSX_DEPLOYMENT_TARGET = 14.6;
				MTL_ENABLE_DEBUG_INFO = INCLUDE_SOURCE;
				MTL_FAST_MATH = YES;
				ONLY_ACTIVE_ARCH = YES;
				SDKROOT = macosx;
				SWIFT_ACTIVE_COMPILATION_CONDITIONS = "DEBUG $(inherited)";
				SWIFT_OPTIMIZATION_LEVEL = "-Onone";
			};
			name = Debug;
		};
		5B32FFC32CDDF16000D33F11 /* Release */ = {
			isa = XCBuildConfiguration;
			buildSettings = {
				ALWAYS_SEARCH_USER_PATHS = NO;
				ASSETCATALOG_COMPILER_GENERATE_SWIFT_ASSET_SYMBOL_EXTENSIONS = YES;
				CLANG_ANALYZER_NONNULL = YES;
				CLANG_ANALYZER_NUMBER_OBJECT_CONVERSION = YES_AGGRESSIVE;
				CLANG_CXX_LANGUAGE_STANDARD = "gnu++20";
				CLANG_ENABLE_MODULES = YES;
				CLANG_ENABLE_OBJC_ARC = YES;
				CLANG_ENABLE_OBJC_WEAK = YES;
				CLANG_WARN_BLOCK_CAPTURE_AUTORELEASING = YES;
				CLANG_WARN_BOOL_CONVERSION = YES;
				CLANG_WARN_COMMA = YES;
				CLANG_WARN_CONSTANT_CONVERSION = YES;
				CLANG_WARN_DEPRECATED_OBJC_IMPLEMENTATIONS = YES;
				CLANG_WARN_DIRECT_OBJC_ISA_USAGE = YES_ERROR;
				CLANG_WARN_DOCUMENTATION_COMMENTS = YES;
				CLANG_WARN_EMPTY_BODY = YES;
				CLANG_WARN_ENUM_CONVERSION = YES;
				CLANG_WARN_INFINITE_RECURSION = YES;
				CLANG_WARN_INT_CONVERSION = YES;
				CLANG_WARN_NON_LITERAL_NULL_CONVERSION = YES;
				CLANG_WARN_OBJC_IMPLICIT_RETAIN_SELF = YES;
				CLANG_WARN_OBJC_LITERAL_CONVERSION = YES;
				CLANG_WARN_OBJC_ROOT_CLASS = YES_ERROR;
				CLANG_WARN_QUOTED_INCLUDE_IN_FRAMEWORK_HEADER = YES;
				CLANG_WARN_RANGE_LOOP_ANALYSIS = YES;
				CLANG_WARN_STRICT_PROTOTYPES = YES;
				CLANG_WARN_SUSPICIOUS_MOVE = YES;
				CLANG_WARN_UNGUARDED_AVAILABILITY = YES_AGGRESSIVE;
				CLANG_WARN_UNREACHABLE_CODE = YES;
				CLANG_WARN__DUPLICATE_METHOD_MATCH = YES;
				COPY_PHASE_STRIP = NO;
				DEBUG_INFORMATION_FORMAT = "dwarf-with-dsym";
				ENABLE_NS_ASSERTIONS = NO;
				ENABLE_STRICT_OBJC_MSGSEND = YES;
				ENABLE_USER_SCRIPT_SANDBOXING = YES;
				GCC_C_LANGUAGE_STANDARD = gnu17;
				GCC_NO_COMMON_BLOCKS = YES;
				GCC_WARN_64_TO_32_BIT_CONVERSION = YES;
				GCC_WARN_ABOUT_RETURN_TYPE = YES_ERROR;
				GCC_WARN_UNDECLARED_SELECTOR = YES;
				GCC_WARN_UNINITIALIZED_AUTOS = YES_AGGRESSIVE;
				GCC_WARN_UNUSED_FUNCTION = YES;
				GCC_WARN_UNUSED_VARIABLE = YES;
				LOCALIZATION_PREFERS_STRING_CATALOGS = YES;
				MACOSX_DEPLOYMENT_TARGET = 14.6;
				MTL_ENABLE_DEBUG_INFO = NO;
				MTL_FAST_MATH = YES;
				SDKROOT = macosx;
				SWIFT_COMPILATION_MODE = wholemodule;
			};
			name = Release;
		};
		5B32FFC52CDDF16000D33F11 /* Debug */ = {
			isa = XCBuildConfiguration;
			buildSettings = {
				ASSETCATALOG_COMPILER_APPICON_NAME = AppIcon;
				ASSETCATALOG_COMPILER_GLOBAL_ACCENT_COLOR_NAME = AccentColor;
				CODE_SIGN_ENTITLEMENTS = NaturalFlow/NaturalFlow.entitlements;
				"CODE_SIGN_IDENTITY[sdk=macosx*]" = "-";
				CODE_SIGN_STYLE = Automatic;
				COMBINE_HIDPI_IMAGES = YES;
				CURRENT_PROJECT_VERSION = 1;
				DEVELOPMENT_ASSET_PATHS = "\"NaturalFlow/Preview Content\"";
				DEVELOPMENT_TEAM = 8Q47TZDKDT;
				ENABLE_HARDENED_RUNTIME = YES;
				ENABLE_PREVIEWS = YES;
				GENERATE_INFOPLIST_FILE = YES;
				INFOPLIST_KEY_NSHumanReadableCopyright = "";
				LD_RUNPATH_SEARCH_PATHS = (
					"$(inherited)",
					"@executable_path/../Frameworks",
				);
				MACOSX_DEPLOYMENT_TARGET = 14.0;
				MARKETING_VERSION = 1.0;
				PRODUCT_BUNDLE_IDENTIFIER = com.frankyin.NaturalFlow;
				PRODUCT_NAME = "$(TARGET_NAME)";
				SWIFT_EMIT_LOC_STRINGS = YES;
				SWIFT_VERSION = 5.0;
			};
			name = Debug;
		};
		5B32FFC62CDDF16000D33F11 /* Release */ = {
			isa = XCBuildConfiguration;
			buildSettings = {
				ASSETCATALOG_COMPILER_APPICON_NAME = AppIcon;
				ASSETCATALOG_COMPILER_GLOBAL_ACCENT_COLOR_NAME = AccentColor;
				CODE_SIGN_ENTITLEMENTS = NaturalFlow/NaturalFlow.entitlements;
				"CODE_SIGN_IDENTITY[sdk=macosx*]" = "-";
				CODE_SIGN_STYLE = Automatic;
				COMBINE_HIDPI_IMAGES = YES;
				CURRENT_PROJECT_VERSION = 1;
				DEVELOPMENT_ASSET_PATHS = "\"NaturalFlow/Preview Content\"";
				DEVELOPMENT_TEAM = 8Q47TZDKDT;
				ENABLE_HARDENED_RUNTIME = YES;
				ENABLE_PREVIEWS = YES;
				GENERATE_INFOPLIST_FILE = YES;
				INFOPLIST_KEY_NSHumanReadableCopyright = "";
				LD_RUNPATH_SEARCH_PATHS = (
					"$(inherited)",
					"@executable_path/../Frameworks",
				);
				MACOSX_DEPLOYMENT_TARGET = 14.0;
				MARKETING_VERSION = 1.0;
				PRODUCT_BUNDLE_IDENTIFIER = com.frankyin.NaturalFlow;
				PRODUCT_NAME = "$(TARGET_NAME)";
				SWIFT_EMIT_LOC_STRINGS = YES;
				SWIFT_VERSION = 5.0;
			};
			name = Release;
		};
		5B32FFC82CDDF16000D33F11 /* Debug */ = {
			isa = XCBuildConfiguration;
			buildSettings = {
				BUNDLE_LOADER = "$(TEST_HOST)";
				CODE_SIGN_STYLE = Automatic;
				CURRENT_PROJECT_VERSION = 1;
				DEVELOPMENT_TEAM = 8Q47TZDKDT;
				GENERATE_INFOPLIST_FILE = YES;
				MACOSX_DEPLOYMENT_TARGET = 14.0;
				MARKETING_VERSION = 1.0;
				PRODUCT_BUNDLE_IDENTIFIER = com.frankyin.NaturalFlowTests;
				PRODUCT_NAME = "$(TARGET_NAME)";
				SWIFT_EMIT_LOC_STRINGS = NO;
				SWIFT_VERSION = 5.0;
				TEST_HOST = "$(BUILT_PRODUCTS_DIR)/NaturalFlow.app/$(BUNDLE_EXECUTABLE_FOLDER_PATH)/NaturalFlow";
			};
			name = Debug;
		};
		5B32FFC92CDDF16000D33F11 /* Release */ = {
			isa = XCBuildConfiguration;
			buildSettings = {
				BUNDLE_LOADER = "$(TEST_HOST)";
				CODE_SIGN_STYLE = Automatic;
				CURRENT_PROJECT_VERSION = 1;
				DEVELOPMENT_TEAM = 8Q47TZDKDT;
				GENERATE_INFOPLIST_FILE = YES;
				MACOSX_DEPLOYMENT_TARGET = 14.0;
				MARKETING_VERSION = 1.0;
				PRODUCT_BUNDLE_IDENTIFIER = com.frankyin.NaturalFlowTests;
				PRODUCT_NAME = "$(TARGET_NAME)";
				SWIFT_EMIT_LOC_STRINGS = NO;
				SWIFT_VERSION = 5.0;
				TEST_HOST = "$(BUILT_PRODUCTS_DIR)/NaturalFlow.app/$(BUNDLE_EXECUTABLE_FOLDER_PATH)/NaturalFlow";
			};
			name = Release;
		};
		5B32FFCB2CDDF16000D33F11 /* Debug */ = {
			isa = XCBuildConfiguration;
			buildSettings = {
				CODE_SIGN_STYLE = Automatic;
				CURRENT_PROJECT_VERSION = 1;
				DEVELOPMENT_TEAM = 8Q47TZDKDT;
				GENERATE_INFOPLIST_FILE = YES;
				MARKETING_VERSION = 1.0;
				PRODUCT_BUNDLE_IDENTIFIER = com.frankyin.NaturalFlowUITests;
				PRODUCT_NAME = "$(TARGET_NAME)";
				SWIFT_EMIT_LOC_STRINGS = NO;
				SWIFT_VERSION = 5.0;
				TEST_TARGET_NAME = NaturalFlow;
			};
			name = Debug;
		};
		5B32FFCC2CDDF16000D33F11 /* Release */ = {
			isa = XCBuildConfiguration;
			buildSettings = {
				CODE_SIGN_STYLE = Automatic;
				CURRENT_PROJECT_VERSION = 1;
				DEVELOPMENT_TEAM = 8Q47TZDKDT;
				GENERATE_INFOPLIST_FILE = YES;
				MARKETING_VERSION = 1.0;
				PRODUCT_BUNDLE_IDENTIFIER = com.frankyin.NaturalFlowUITests;
				PRODUCT_NAME = "$(TARGET_NAME)";
				SWIFT_EMIT_LOC_STRINGS = NO;
				SWIFT_VERSION = 5.0;
				TEST_TARGET_NAME = NaturalFlow;
			};
			name = Release;
		};
/* End XCBuildConfiguration section */

/* Begin XCConfigurationList section */
		5B32FF982CDDF15E00D33F11 /* Build configuration list for PBXProject "NaturalFlow" */ = {
			isa = XCConfigurationList;
			buildConfigurations = (
				5B32FFC22CDDF16000D33F11 /* Debug */,
				5B32FFC32CDDF16000D33F11 /* Release */,
			);
			defaultConfigurationIsVisible = 0;
			defaultConfigurationName = Release;
		};
		5B32FFC42CDDF16000D33F11 /* Build configuration list for PBXNativeTarget "NaturalFlow" */ = {
			isa = XCConfigurationList;
			buildConfigurations = (
				5B32FFC52CDDF16000D33F11 /* Debug */,
				5B32FFC62CDDF16000D33F11 /* Release */,
			);
			defaultConfigurationIsVisible = 0;
			defaultConfigurationName = Release;
		};
		5B32FFC72CDDF16000D33F11 /* Build configuration list for PBXNativeTarget "NaturalFlowTests" */ = {
			isa = XCConfigurationList;
			buildConfigurations = (
				5B32FFC82CDDF16000D33F11 /* Debug */,
				5B32FFC92CDDF16000D33F11 /* Release */,
			);
			defaultConfigurationIsVisible = 0;
			defaultConfigurationName = Release;
		};
		5B32FFCA2CDDF16000D33F11 /* Build configuration list for PBXNativeTarget "NaturalFlowUITests" */ = {
			isa = XCConfigurationList;
			buildConfigurations = (
				5B32FFCB2CDDF16000D33F11 /* Debug */,
				5B32FFCC2CDDF16000D33F11 /* Release */,
			);
			defaultConfigurationIsVisible = 0;
			defaultConfigurationName = Release;
		};
/* End XCConfigurationList section */

/* Begin XCRemoteSwiftPackageReference section */
		5B0E1F262CF349E800DF85DD /* XCRemoteSwiftPackageReference "ZIPFoundation" */ = {
			isa = XCRemoteSwiftPackageReference;
			repositoryURL = "https://github.com/weichsel/ZIPFoundation.git";
			requirement = {
				kind = upToNextMajorVersion;
				minimumVersion = 0.9.19;
			};
		};
/* End XCRemoteSwiftPackageReference section */

/* Begin XCSwiftPackageProductDependency section */
		5B0E1F272CF349E800DF85DD /* ZIPFoundation */ = {
			isa = XCSwiftPackageProductDependency;
			package = 5B0E1F262CF349E800DF85DD /* XCRemoteSwiftPackageReference "ZIPFoundation" */;
			productName = ZIPFoundation;
		};
/* End XCSwiftPackageProductDependency section */
	};
	rootObject = 5B32FF952CDDF15E00D33F11 /* Project object */;
}
